// !$*UTF8*$!
{
	archiveVersion = 1;
	classes = {
	};
	objectVersion = 50;
	objects = {

/* Begin PBXBuildFile section */
		AE6033B52157787600AD1263 /* UISearchBar+Extension.swift in Sources */ = {isa = PBXBuildFile; fileRef = AE6033B42157787600AD1263 /* UISearchBar+Extension.swift */; };
		AE6033B62157787600AD1263 /* UISearchBar+Extension.swift in Sources */ = {isa = PBXBuildFile; fileRef = AE6033B42157787600AD1263 /* UISearchBar+Extension.swift */; };
		AE6033B72157787600AD1263 /* UISearchBar+Extension.swift in Sources */ = {isa = PBXBuildFile; fileRef = AE6033B42157787600AD1263 /* UISearchBar+Extension.swift */; };
		AE6033B921578CA900AD1263 /* SearchManager.swift in Sources */ = {isa = PBXBuildFile; fileRef = AE6033B821578CA900AD1263 /* SearchManager.swift */; };
		AE6033BE2157936200AD1263 /* Meta.swift in Sources */ = {isa = PBXBuildFile; fileRef = AE6033BC2157936200AD1263 /* Meta.swift */; };
		AE6033BF2157936200AD1263 /* Meta.swift in Sources */ = {isa = PBXBuildFile; fileRef = AE6033BC2157936200AD1263 /* Meta.swift */; };
		AE6033C02157936200AD1263 /* Meta.swift in Sources */ = {isa = PBXBuildFile; fileRef = AE6033BC2157936200AD1263 /* Meta.swift */; };
		AE6033C12157936200AD1263 /* Results.swift in Sources */ = {isa = PBXBuildFile; fileRef = AE6033BD2157936200AD1263 /* Results.swift */; };
		AE6033C22157936200AD1263 /* Results.swift in Sources */ = {isa = PBXBuildFile; fileRef = AE6033BD2157936200AD1263 /* Results.swift */; };
		AE6033C32157936200AD1263 /* Results.swift in Sources */ = {isa = PBXBuildFile; fileRef = AE6033BD2157936200AD1263 /* Results.swift */; };
		AE6033C5215797B800AD1263 /* SError.swift in Sources */ = {isa = PBXBuildFile; fileRef = AE6033C4215797B800AD1263 /* SError.swift */; };
		AE6033C6215797B800AD1263 /* SError.swift in Sources */ = {isa = PBXBuildFile; fileRef = AE6033C4215797B800AD1263 /* SError.swift */; };
		AE6033C7215797B800AD1263 /* SError.swift in Sources */ = {isa = PBXBuildFile; fileRef = AE6033C4215797B800AD1263 /* SError.swift */; };
		AE6033CA2157C5CA00AD1263 /* UIImage+Extension.swift in Sources */ = {isa = PBXBuildFile; fileRef = AE6033C92157C5CA00AD1263 /* UIImage+Extension.swift */; };
		AE6033CB2157C5CA00AD1263 /* UIImage+Extension.swift in Sources */ = {isa = PBXBuildFile; fileRef = AE6033C92157C5CA00AD1263 /* UIImage+Extension.swift */; };
		AE6033CC2157C5CA00AD1263 /* UIImage+Extension.swift in Sources */ = {isa = PBXBuildFile; fileRef = AE6033C92157C5CA00AD1263 /* UIImage+Extension.swift */; };
		AEA021FC2153AA1900F5941D /* AppDelegate.swift in Sources */ = {isa = PBXBuildFile; fileRef = AEA021FB2153AA1900F5941D /* AppDelegate.swift */; };
		AEA021FE2153AA1900F5941D /* ViewController.swift in Sources */ = {isa = PBXBuildFile; fileRef = AEA021FD2153AA1900F5941D /* ViewController.swift */; };
		AEA022012153AA1900F5941D /* Main.storyboard in Resources */ = {isa = PBXBuildFile; fileRef = AEA021FF2153AA1900F5941D /* Main.storyboard */; };
		AEA022032153AA1A00F5941D /* Assets.xcassets in Resources */ = {isa = PBXBuildFile; fileRef = AEA022022153AA1A00F5941D /* Assets.xcassets */; };
		AEA022062153AA1A00F5941D /* LaunchScreen.storyboard in Resources */ = {isa = PBXBuildFile; fileRef = AEA022042153AA1A00F5941D /* LaunchScreen.storyboard */; };
		AEA022112153AA1A00F5941D /* FindMovTests.swift in Sources */ = {isa = PBXBuildFile; fileRef = AEA022102153AA1A00F5941D /* FindMovTests.swift */; };
		AEA0221C2153AA1A00F5941D /* FindMovUITests.swift in Sources */ = {isa = PBXBuildFile; fileRef = AEA0221B2153AA1A00F5941D /* FindMovUITests.swift */; };
		AEC2FBB62153C4C300528058 /* MovieViewModel.swift in Sources */ = {isa = PBXBuildFile; fileRef = AEC2FBB22153C4C300528058 /* MovieViewModel.swift */; };
		AEC2FBB72153C4C300528058 /* MovieViewModel.swift in Sources */ = {isa = PBXBuildFile; fileRef = AEC2FBB22153C4C300528058 /* MovieViewModel.swift */; };
		AEC2FBB82153C4C300528058 /* MovieViewModel.swift in Sources */ = {isa = PBXBuildFile; fileRef = AEC2FBB22153C4C300528058 /* MovieViewModel.swift */; };
		AEC2FBC62153D36000528058 /* NamePictureCell.xib in Resources */ = {isa = PBXBuildFile; fileRef = AEC2FBBC2153D36000528058 /* NamePictureCell.xib */; };
		AEC2FBC72153D36000528058 /* NamePictureCell.xib in Resources */ = {isa = PBXBuildFile; fileRef = AEC2FBBC2153D36000528058 /* NamePictureCell.xib */; };
		AEC2FBC82153D36000528058 /* NamePictureCell.xib in Resources */ = {isa = PBXBuildFile; fileRef = AEC2FBBC2153D36000528058 /* NamePictureCell.xib */; };
		AEC2FBDB2153D36000528058 /* NamePictureCell.swift in Sources */ = {isa = PBXBuildFile; fileRef = AEC2FBC32153D36000528058 /* NamePictureCell.swift */; };
		AEC2FBDC2153D36000528058 /* NamePictureCell.swift in Sources */ = {isa = PBXBuildFile; fileRef = AEC2FBC32153D36000528058 /* NamePictureCell.swift */; };
		AEC2FBDD2153D36000528058 /* NamePictureCell.swift in Sources */ = {isa = PBXBuildFile; fileRef = AEC2FBC32153D36000528058 /* NamePictureCell.swift */; };
/* End PBXBuildFile section */

/* Begin PBXContainerItemProxy section */
		AEA0220D2153AA1A00F5941D /* PBXContainerItemProxy */ = {
			isa = PBXContainerItemProxy;
			containerPortal = AEA021F02153AA1900F5941D /* Project object */;
			proxyType = 1;
			remoteGlobalIDString = AEA021F72153AA1900F5941D;
			remoteInfo = FindMov;
		};
		AEA022182153AA1A00F5941D /* PBXContainerItemProxy */ = {
			isa = PBXContainerItemProxy;
			containerPortal = AEA021F02153AA1900F5941D /* Project object */;
			proxyType = 1;
			remoteGlobalIDString = AEA021F72153AA1900F5941D;
			remoteInfo = FindMov;
		};
/* End PBXContainerItemProxy section */

/* Begin PBXFileReference section */
		AE6033B42157787600AD1263 /* UISearchBar+Extension.swift */ = {isa = PBXFileReference; fileEncoding = 4; lastKnownFileType = sourcecode.swift; path = "UISearchBar+Extension.swift"; sourceTree = "<group>"; };
		AE6033B821578CA900AD1263 /* SearchManager.swift */ = {isa = PBXFileReference; fileEncoding = 4; lastKnownFileType = sourcecode.swift; path = SearchManager.swift; sourceTree = "<group>"; };
		AE6033BC2157936200AD1263 /* Meta.swift */ = {isa = PBXFileReference; fileEncoding = 4; lastKnownFileType = sourcecode.swift; path = Meta.swift; sourceTree = "<group>"; };
		AE6033BD2157936200AD1263 /* Results.swift */ = {isa = PBXFileReference; fileEncoding = 4; lastKnownFileType = sourcecode.swift; path = Results.swift; sourceTree = "<group>"; };
		AE6033C4215797B800AD1263 /* SError.swift */ = {isa = PBXFileReference; fileEncoding = 4; lastKnownFileType = sourcecode.swift; path = SError.swift; sourceTree = "<group>"; };
		AE6033C92157C5CA00AD1263 /* UIImage+Extension.swift */ = {isa = PBXFileReference; fileEncoding = 4; lastKnownFileType = sourcecode.swift; path = "UIImage+Extension.swift"; sourceTree = "<group>"; };
		AEA021F82153AA1900F5941D /* FindMov.app */ = {isa = PBXFileReference; explicitFileType = wrapper.application; includeInIndex = 0; path = FindMov.app; sourceTree = BUILT_PRODUCTS_DIR; };
		AEA021FB2153AA1900F5941D /* AppDelegate.swift */ = {isa = PBXFileReference; lastKnownFileType = sourcecode.swift; path = AppDelegate.swift; sourceTree = "<group>"; };
		AEA021FD2153AA1900F5941D /* ViewController.swift */ = {isa = PBXFileReference; lastKnownFileType = sourcecode.swift; path = ViewController.swift; sourceTree = "<group>"; };
		AEA022002153AA1900F5941D /* Base */ = {isa = PBXFileReference; lastKnownFileType = file.storyboard; name = Base; path = Base.lproj/Main.storyboard; sourceTree = "<group>"; };
		AEA022022153AA1A00F5941D /* Assets.xcassets */ = {isa = PBXFileReference; lastKnownFileType = folder.assetcatalog; path = Assets.xcassets; sourceTree = "<group>"; };
		AEA022052153AA1A00F5941D /* Base */ = {isa = PBXFileReference; lastKnownFileType = file.storyboard; name = Base; path = Base.lproj/LaunchScreen.storyboard; sourceTree = "<group>"; };
		AEA022072153AA1A00F5941D /* Info.plist */ = {isa = PBXFileReference; lastKnownFileType = text.plist.xml; path = Info.plist; sourceTree = "<group>"; };
		AEA0220C2153AA1A00F5941D /* FindMovTests.xctest */ = {isa = PBXFileReference; explicitFileType = wrapper.cfbundle; includeInIndex = 0; path = FindMovTests.xctest; sourceTree = BUILT_PRODUCTS_DIR; };
		AEA022102153AA1A00F5941D /* FindMovTests.swift */ = {isa = PBXFileReference; lastKnownFileType = sourcecode.swift; path = FindMovTests.swift; sourceTree = "<group>"; };
		AEA022122153AA1A00F5941D /* Info.plist */ = {isa = PBXFileReference; lastKnownFileType = text.plist.xml; path = Info.plist; sourceTree = "<group>"; };
		AEA022172153AA1A00F5941D /* FindMovUITests.xctest */ = {isa = PBXFileReference; explicitFileType = wrapper.cfbundle; includeInIndex = 0; path = FindMovUITests.xctest; sourceTree = BUILT_PRODUCTS_DIR; };
		AEA0221B2153AA1A00F5941D /* FindMovUITests.swift */ = {isa = PBXFileReference; lastKnownFileType = sourcecode.swift; path = FindMovUITests.swift; sourceTree = "<group>"; };
		AEA0221D2153AA1A00F5941D /* Info.plist */ = {isa = PBXFileReference; lastKnownFileType = text.plist.xml; path = Info.plist; sourceTree = "<group>"; };
		AEC2FBB22153C4C300528058 /* MovieViewModel.swift */ = {isa = PBXFileReference; fileEncoding = 4; lastKnownFileType = sourcecode.swift; path = MovieViewModel.swift; sourceTree = "<group>"; };
		AEC2FBBC2153D36000528058 /* NamePictureCell.xib */ = {isa = PBXFileReference; fileEncoding = 4; lastKnownFileType = file.xib; path = NamePictureCell.xib; sourceTree = "<group>"; };
		AEC2FBC32153D36000528058 /* NamePictureCell.swift */ = {isa = PBXFileReference; fileEncoding = 4; lastKnownFileType = sourcecode.swift; path = NamePictureCell.swift; sourceTree = "<group>"; };
/* End PBXFileReference section */

/* Begin PBXFrameworksBuildPhase section */
		AEA021F52153AA1900F5941D /* Frameworks */ = {
			isa = PBXFrameworksBuildPhase;
			buildActionMask = 2147483647;
			files = (
			);
			runOnlyForDeploymentPostprocessing = 0;
		};
		AEA022092153AA1A00F5941D /* Frameworks */ = {
			isa = PBXFrameworksBuildPhase;
			buildActionMask = 2147483647;
			files = (
			);
			runOnlyForDeploymentPostprocessing = 0;
		};
		AEA022142153AA1A00F5941D /* Frameworks */ = {
			isa = PBXFrameworksBuildPhase;
			buildActionMask = 2147483647;
			files = (
			);
			runOnlyForDeploymentPostprocessing = 0;
		};
/* End PBXFrameworksBuildPhase section */

/* Begin PBXGroup section */
		AE6033B32157783200AD1263 /* Utillities */ = {
			isa = PBXGroup;
			children = (
				AE6033C92157C5CA00AD1263 /* UIImage+Extension.swift */,
				AE6033B42157787600AD1263 /* UISearchBar+Extension.swift */,
			);
			path = Utillities;
			sourceTree = "<group>";
		};
		AE6033C82157996700AD1263 /* Manager */ = {
			isa = PBXGroup;
			children = (
				AE6033B821578CA900AD1263 /* SearchManager.swift */,
			);
			path = Manager;
			sourceTree = "<group>";
		};
		AEA021EF2153AA1900F5941D = {
			isa = PBXGroup;
			children = (
				AEA021FA2153AA1900F5941D /* FindMov */,
				AEA0220F2153AA1A00F5941D /* FindMovTests */,
				AEA0221A2153AA1A00F5941D /* FindMovUITests */,
				AEA021F92153AA1900F5941D /* Products */,
			);
			sourceTree = "<group>";
		};
		AEA021F92153AA1900F5941D /* Products */ = {
			isa = PBXGroup;
			children = (
				AEA021F82153AA1900F5941D /* FindMov.app */,
				AEA0220C2153AA1A00F5941D /* FindMovTests.xctest */,
				AEA022172153AA1A00F5941D /* FindMovUITests.xctest */,
			);
			name = Products;
			sourceTree = "<group>";
		};
		AEA021FA2153AA1900F5941D /* FindMov */ = {
			isa = PBXGroup;
			children = (
				AEA021FB2153AA1900F5941D /* AppDelegate.swift */,
				AEA021FD2153AA1900F5941D /* ViewController.swift */,
				AEC2FBB92153CC6700528058 /* Data */,
				AE6033C82157996700AD1263 /* Manager */,
				AEC2FBBA2153CC8500528058 /* Model */,
				AE6033B32157783200AD1263 /* Utillities */,
				AEC2FBBB2153D33800528058 /* TableViewCells */,
				AEA021FF2153AA1900F5941D /* Main.storyboard */,
				AEA022042153AA1A00F5941D /* LaunchScreen.storyboard */,
				AEA022022153AA1A00F5941D /* Assets.xcassets */,
				AEA022072153AA1A00F5941D /* Info.plist */,
			);
			path = FindMov;
			sourceTree = "<group>";
		};
		AEA0220F2153AA1A00F5941D /* FindMovTests */ = {
			isa = PBXGroup;
			children = (
				AEA022102153AA1A00F5941D /* FindMovTests.swift */,
				AEA022122153AA1A00F5941D /* Info.plist */,
			);
			path = FindMovTests;
			sourceTree = "<group>";
		};
		AEA0221A2153AA1A00F5941D /* FindMovUITests */ = {
			isa = PBXGroup;
			children = (
				AEA0221B2153AA1A00F5941D /* FindMovUITests.swift */,
				AEA0221D2153AA1A00F5941D /* Info.plist */,
			);
			path = FindMovUITests;
			sourceTree = "<group>";
		};
		AEC2FBB92153CC6700528058 /* Data */ = {
			isa = PBXGroup;
			children = (
				AEC2FBB22153C4C300528058 /* MovieViewModel.swift */,
			);
			path = Data;
			sourceTree = "<group>";
		};
		AEC2FBBA2153CC8500528058 /* Model */ = {
			isa = PBXGroup;
			children = (
				AE6033BC2157936200AD1263 /* Meta.swift */,
				AE6033BD2157936200AD1263 /* Results.swift */,
				AE6033C4215797B800AD1263 /* SError.swift */,
			);
			path = Model;
			sourceTree = "<group>";
		};
		AEC2FBBB2153D33800528058 /* TableViewCells */ = {
			isa = PBXGroup;
			children = (
				AEC2FBC32153D36000528058 /* NamePictureCell.swift */,
				AEC2FBBC2153D36000528058 /* NamePictureCell.xib */,
			);
			path = TableViewCells;
			sourceTree = "<group>";
		};
/* End PBXGroup section */

/* Begin PBXNativeTarget section */
		AEA021F72153AA1900F5941D /* FindMov */ = {
			isa = PBXNativeTarget;
			buildConfigurationList = AEA022202153AA1A00F5941D /* Build configuration list for PBXNativeTarget "FindMov" */;
			buildPhases = (
				AEA021F42153AA1900F5941D /* Sources */,
				AEA021F52153AA1900F5941D /* Frameworks */,
				AEA021F62153AA1900F5941D /* Resources */,
			);
			buildRules = (
			);
			dependencies = (
			);
			name = FindMov;
			productName = FindMov;
			productReference = AEA021F82153AA1900F5941D /* FindMov.app */;
			productType = "com.apple.product-type.application";
		};
		AEA0220B2153AA1A00F5941D /* FindMovTests */ = {
			isa = PBXNativeTarget;
			buildConfigurationList = AEA022232153AA1A00F5941D /* Build configuration list for PBXNativeTarget "FindMovTests" */;
			buildPhases = (
				AEA022082153AA1A00F5941D /* Sources */,
				AEA022092153AA1A00F5941D /* Frameworks */,
				AEA0220A2153AA1A00F5941D /* Resources */,
			);
			buildRules = (
			);
			dependencies = (
				AEA0220E2153AA1A00F5941D /* PBXTargetDependency */,
			);
			name = FindMovTests;
			productName = FindMovTests;
			productReference = AEA0220C2153AA1A00F5941D /* FindMovTests.xctest */;
			productType = "com.apple.product-type.bundle.unit-test";
		};
		AEA022162153AA1A00F5941D /* FindMovUITests */ = {
			isa = PBXNativeTarget;
			buildConfigurationList = AEA022262153AA1A00F5941D /* Build configuration list for PBXNativeTarget "FindMovUITests" */;
			buildPhases = (
				AEA022132153AA1A00F5941D /* Sources */,
				AEA022142153AA1A00F5941D /* Frameworks */,
				AEA022152153AA1A00F5941D /* Resources */,
			);
			buildRules = (
			);
			dependencies = (
				AEA022192153AA1A00F5941D /* PBXTargetDependency */,
			);
			name = FindMovUITests;
			productName = FindMovUITests;
			productReference = AEA022172153AA1A00F5941D /* FindMovUITests.xctest */;
			productType = "com.apple.product-type.bundle.ui-testing";
		};
/* End PBXNativeTarget section */

/* Begin PBXProject section */
		AEA021F02153AA1900F5941D /* Project object */ = {
			isa = PBXProject;
			attributes = {
				LastSwiftUpdateCheck = 0930;
				LastUpgradeCheck = 0930;
				ORGANIZATIONNAME = "Rathish Kannan";
				TargetAttributes = {
					AEA021F72153AA1900F5941D = {
						CreatedOnToolsVersion = 9.3;
					};
					AEA0220B2153AA1A00F5941D = {
						CreatedOnToolsVersion = 9.3;
						TestTargetID = AEA021F72153AA1900F5941D;
					};
					AEA022162153AA1A00F5941D = {
						CreatedOnToolsVersion = 9.3;
						TestTargetID = AEA021F72153AA1900F5941D;
					};
				};
			};
			buildConfigurationList = AEA021F32153AA1900F5941D /* Build configuration list for PBXProject "FindMov" */;
			compatibilityVersion = "Xcode 9.3";
			developmentRegion = en;
			hasScannedForEncodings = 0;
			knownRegions = (
				en,
				Base,
			);
			mainGroup = AEA021EF2153AA1900F5941D;
			productRefGroup = AEA021F92153AA1900F5941D /* Products */;
			projectDirPath = "";
			projectRoot = "";
			targets = (
				AEA021F72153AA1900F5941D /* FindMov */,
				AEA0220B2153AA1A00F5941D /* FindMovTests */,
				AEA022162153AA1A00F5941D /* FindMovUITests */,
			);
		};
/* End PBXProject section */

/* Begin PBXResourcesBuildPhase section */
		AEA021F62153AA1900F5941D /* Resources */ = {
			isa = PBXResourcesBuildPhase;
			buildActionMask = 2147483647;
			files = (
				AEA022062153AA1A00F5941D /* LaunchScreen.storyboard in Resources */,
				AEC2FBC62153D36000528058 /* NamePictureCell.xib in Resources */,
				AEA022032153AA1A00F5941D /* Assets.xcassets in Resources */,
				AEA022012153AA1900F5941D /* Main.storyboard in Resources */,
			);
			runOnlyForDeploymentPostprocessing = 0;
		};
		AEA0220A2153AA1A00F5941D /* Resources */ = {
			isa = PBXResourcesBuildPhase;
			buildActionMask = 2147483647;
			files = (
				AEC2FBC72153D36000528058 /* NamePictureCell.xib in Resources */,
			);
			runOnlyForDeploymentPostprocessing = 0;
		};
		AEA022152153AA1A00F5941D /* Resources */ = {
			isa = PBXResourcesBuildPhase;
			buildActionMask = 2147483647;
			files = (
				AEC2FBC82153D36000528058 /* NamePictureCell.xib in Resources */,
			);
			runOnlyForDeploymentPostprocessing = 0;
		};
/* End PBXResourcesBuildPhase section */

/* Begin PBXSourcesBuildPhase section */
		AEA021F42153AA1900F5941D /* Sources */ = {
			isa = PBXSourcesBuildPhase;
			buildActionMask = 2147483647;
			files = (
				AEC2FBDB2153D36000528058 /* NamePictureCell.swift in Sources */,
				AE6033B52157787600AD1263 /* UISearchBar+Extension.swift in Sources */,
				AEA021FE2153AA1900F5941D /* ViewController.swift in Sources */,
				AE6033C5215797B800AD1263 /* SError.swift in Sources */,
				AE6033B921578CA900AD1263 /* SearchManager.swift in Sources */,
				AEC2FBB62153C4C300528058 /* MovieViewModel.swift in Sources */,
				AE6033BE2157936200AD1263 /* Meta.swift in Sources */,
				AE6033CA2157C5CA00AD1263 /* UIImage+Extension.swift in Sources */,
				AE6033C12157936200AD1263 /* Results.swift in Sources */,
				AEA021FC2153AA1900F5941D /* AppDelegate.swift in Sources */,
			);
			runOnlyForDeploymentPostprocessing = 0;
		};
		AEA022082153AA1A00F5941D /* Sources */ = {
			isa = PBXSourcesBuildPhase;
			buildActionMask = 2147483647;
			files = (
				AE6033B62157787600AD1263 /* UISearchBar+Extension.swift in Sources */,
				AEC2FBB72153C4C300528058 /* MovieViewModel.swift in Sources */,
				AEA022112153AA1A00F5941D /* FindMovTests.swift in Sources */,
				AE6033CB2157C5CA00AD1263 /* UIImage+Extension.swift in Sources */,
				AE6033BF2157936200AD1263 /* Meta.swift in Sources */,
				AE6033C6215797B800AD1263 /* SError.swift in Sources */,
				AE6033C22157936200AD1263 /* Results.swift in Sources */,
				AEC2FBDC2153D36000528058 /* NamePictureCell.swift in Sources */,
			);
			runOnlyForDeploymentPostprocessing = 0;
		};
		AEA022132153AA1A00F5941D /* Sources */ = {
			isa = PBXSourcesBuildPhase;
			buildActionMask = 2147483647;
			files = (
				AE6033B72157787600AD1263 /* UISearchBar+Extension.swift in Sources */,
				AEC2FBB82153C4C300528058 /* MovieViewModel.swift in Sources */,
				AEA0221C2153AA1A00F5941D /* FindMovUITests.swift in Sources */,
				AE6033CC2157C5CA00AD1263 /* UIImage+Extension.swift in Sources */,
				AE6033C02157936200AD1263 /* Meta.swift in Sources */,
				AE6033C7215797B800AD1263 /* SError.swift in Sources */,
				AE6033C32157936200AD1263 /* Results.swift in Sources */,
				AEC2FBDD2153D36000528058 /* NamePictureCell.swift in Sources */,
			);
			runOnlyForDeploymentPostprocessing = 0;
		};
/* End PBXSourcesBuildPhase section */

/* Begin PBXTargetDependency section */
		AEA0220E2153AA1A00F5941D /* PBXTargetDependency */ = {
			isa = PBXTargetDependency;
			target = AEA021F72153AA1900F5941D /* FindMov */;
			targetProxy = AEA0220D2153AA1A00F5941D /* PBXContainerItemProxy */;
		};
		AEA022192153AA1A00F5941D /* PBXTargetDependency */ = {
			isa = PBXTargetDependency;
			target = AEA021F72153AA1900F5941D /* FindMov */;
			targetProxy = AEA022182153AA1A00F5941D /* PBXContainerItemProxy */;
		};
/* End PBXTargetDependency section */

/* Begin PBXVariantGroup section */
		AEA021FF2153AA1900F5941D /* Main.storyboard */ = {
			isa = PBXVariantGroup;
			children = (
				AEA022002153AA1900F5941D /* Base */,
			);
			name = Main.storyboard;
			sourceTree = "<group>";
		};
		AEA022042153AA1A00F5941D /* LaunchScreen.storyboard */ = {
			isa = PBXVariantGroup;
			children = (
				AEA022052153AA1A00F5941D /* Base */,
			);
			name = LaunchScreen.storyboard;
			sourceTree = "<group>";
		};
/* End PBXVariantGroup section */

/* Begin XCBuildConfiguration section */
		AEA0221E2153AA1A00F5941D /* Debug */ = {
			isa = XCBuildConfiguration;
			buildSettings = {
				ALWAYS_SEARCH_USER_PATHS = NO;
				CLANG_ANALYZER_NONNULL = YES;
				CLANG_ANALYZER_NUMBER_OBJECT_CONVERSION = YES_AGGRESSIVE;
				CLANG_CXX_LANGUAGE_STANDARD = "gnu++14";
				CLANG_CXX_LIBRARY = "libc++";
				CLANG_ENABLE_MODULES = YES;
				CLANG_ENABLE_OBJC_ARC = YES;
				CLANG_ENABLE_OBJC_WEAK = YES;
				CLANG_WARN_BLOCK_CAPTURE_AUTORELEASING = YES;
				CLANG_WARN_BOOL_CONVERSION = YES;
				CLANG_WARN_COMMA = YES;
				CLANG_WARN_CONSTANT_CONVERSION = YES;
				CLANG_WARN_DEPRECATED_OBJC_IMPLEMENTATIONS = YES;
				CLANG_WARN_DIRECT_OBJC_ISA_USAGE = YES_ERROR;
				CLANG_WARN_DOCUMENTATION_COMMENTS = YES;
				CLANG_WARN_EMPTY_BODY = YES;
				CLANG_WARN_ENUM_CONVERSION = YES;
				CLANG_WARN_INFINITE_RECURSION = YES;
				CLANG_WARN_INT_CONVERSION = YES;
				CLANG_WARN_NON_LITERAL_NULL_CONVERSION = YES;
				CLANG_WARN_OBJC_IMPLICIT_RETAIN_SELF = YES;
				CLANG_WARN_OBJC_LITERAL_CONVERSION = YES;
				CLANG_WARN_OBJC_ROOT_CLASS = YES_ERROR;
				CLANG_WARN_RANGE_LOOP_ANALYSIS = YES;
				CLANG_WARN_STRICT_PROTOTYPES = YES;
				CLANG_WARN_SUSPICIOUS_MOVE = YES;
				CLANG_WARN_UNGUARDED_AVAILABILITY = YES_AGGRESSIVE;
				CLANG_WARN_UNREACHABLE_CODE = YES;
				CLANG_WARN__DUPLICATE_METHOD_MATCH = YES;
				CODE_SIGN_IDENTITY = "iPhone Developer";
				COPY_PHASE_STRIP = NO;
				DEBUG_INFORMATION_FORMAT = dwarf;
				ENABLE_STRICT_OBJC_MSGSEND = YES;
				ENABLE_TESTABILITY = YES;
				GCC_C_LANGUAGE_STANDARD = gnu11;
				GCC_DYNAMIC_NO_PIC = NO;
				GCC_NO_COMMON_BLOCKS = YES;
				GCC_OPTIMIZATION_LEVEL = 0;
				GCC_PREPROCESSOR_DEFINITIONS = (
					"DEBUG=1",
					"$(inherited)",
				);
				GCC_WARN_64_TO_32_BIT_CONVERSION = YES;
				GCC_WARN_ABOUT_RETURN_TYPE = YES_ERROR;
				GCC_WARN_UNDECLARED_SELECTOR = YES;
				GCC_WARN_UNINITIALIZED_AUTOS = YES_AGGRESSIVE;
				GCC_WARN_UNUSED_FUNCTION = YES;
				GCC_WARN_UNUSED_VARIABLE = YES;
				IPHONEOS_DEPLOYMENT_TARGET = 11.3;
				MTL_ENABLE_DEBUG_INFO = YES;
				ONLY_ACTIVE_ARCH = YES;
				SDKROOT = iphoneos;
				SWIFT_ACTIVE_COMPILATION_CONDITIONS = DEBUG;
				SWIFT_OPTIMIZATION_LEVEL = "-Onone";
			};
			name = Debug;
		};
		AEA0221F2153AA1A00F5941D /* Release */ = {
			isa = XCBuildConfiguration;
			buildSettings = {
				ALWAYS_SEARCH_USER_PATHS = NO;
				CLANG_ANALYZER_NONNULL = YES;
				CLANG_ANALYZER_NUMBER_OBJECT_CONVERSION = YES_AGGRESSIVE;
				CLANG_CXX_LANGUAGE_STANDARD = "gnu++14";
				CLANG_CXX_LIBRARY = "libc++";
				CLANG_ENABLE_MODULES = YES;
				CLANG_ENABLE_OBJC_ARC = YES;
				CLANG_ENABLE_OBJC_WEAK = YES;
				CLANG_WARN_BLOCK_CAPTURE_AUTORELEASING = YES;
				CLANG_WARN_BOOL_CONVERSION = YES;
				CLANG_WARN_COMMA = YES;
				CLANG_WARN_CONSTANT_CONVERSION = YES;
				CLANG_WARN_DEPRECATED_OBJC_IMPLEMENTATIONS = YES;
				CLANG_WARN_DIRECT_OBJC_ISA_USAGE = YES_ERROR;
				CLANG_WARN_DOCUMENTATION_COMMENTS = YES;
				CLANG_WARN_EMPTY_BODY = YES;
				CLANG_WARN_ENUM_CONVERSION = YES;
				CLANG_WARN_INFINITE_RECURSION = YES;
				CLANG_WARN_INT_CONVERSION = YES;
				CLANG_WARN_NON_LITERAL_NULL_CONVERSION = YES;
				CLANG_WARN_OBJC_IMPLICIT_RETAIN_SELF = YES;
				CLANG_WARN_OBJC_LITERAL_CONVERSION = YES;
				CLANG_WARN_OBJC_ROOT_CLASS = YES_ERROR;
				CLANG_WARN_RANGE_LOOP_ANALYSIS = YES;
				CLANG_WARN_STRICT_PROTOTYPES = YES;
				CLANG_WARN_SUSPICIOUS_MOVE = YES;
				CLANG_WARN_UNGUARDED_AVAILABILITY = YES_AGGRESSIVE;
				CLANG_WARN_UNREACHABLE_CODE = YES;
				CLANG_WARN__DUPLICATE_METHOD_MATCH = YES;
				CODE_SIGN_IDENTITY = "iPhone Developer";
				COPY_PHASE_STRIP = NO;
				DEBUG_INFORMATION_FORMAT = "dwarf-with-dsym";
				ENABLE_NS_ASSERTIONS = NO;
				ENABLE_STRICT_OBJC_MSGSEND = YES;
				GCC_C_LANGUAGE_STANDARD = gnu11;
				GCC_NO_COMMON_BLOCKS = YES;
				GCC_WARN_64_TO_32_BIT_CONVERSION = YES;
				GCC_WARN_ABOUT_RETURN_TYPE = YES_ERROR;
				GCC_WARN_UNDECLARED_SELECTOR = YES;
				GCC_WARN_UNINITIALIZED_AUTOS = YES_AGGRESSIVE;
				GCC_WARN_UNUSED_FUNCTION = YES;
				GCC_WARN_UNUSED_VARIABLE = YES;
				IPHONEOS_DEPLOYMENT_TARGET = 11.3;
				MTL_ENABLE_DEBUG_INFO = NO;
				SDKROOT = iphoneos;
				SWIFT_COMPILATION_MODE = wholemodule;
				SWIFT_OPTIMIZATION_LEVEL = "-O";
				VALIDATE_PRODUCT = YES;
			};
			name = Release;
		};
		AEA022212153AA1A00F5941D /* Debug */ = {
			isa = XCBuildConfiguration;
			buildSettings = {
				ASSETCATALOG_COMPILER_APPICON_NAME = AppIcon;
				CODE_SIGN_STYLE = Automatic;
				INFOPLIST_FILE = FindMov/Info.plist;
				LD_RUNPATH_SEARCH_PATHS = (
					"$(inherited)",
					"@executable_path/Frameworks",
				);
				PRODUCT_BUNDLE_IDENTIFIER = ratzr15.FindMov;
				PRODUCT_NAME = "$(TARGET_NAME)";
				SWIFT_VERSION = 4.0;
				TARGETED_DEVICE_FAMILY = "1,2";
			};
			name = Debug;
		};
		AEA022222153AA1A00F5941D /* Release */ = {
			isa = XCBuildConfiguration;
			buildSettings = {
				ASSETCATALOG_COMPILER_APPICON_NAME = AppIcon;
				CODE_SIGN_STYLE = Automatic;
				INFOPLIST_FILE = FindMov/Info.plist;
				LD_RUNPATH_SEARCH_PATHS = (
					"$(inherited)",
					"@executable_path/Frameworks",
				);
				PRODUCT_BUNDLE_IDENTIFIER = ratzr15.FindMov;
				PRODUCT_NAME = "$(TARGET_NAME)";
				SWIFT_VERSION = 4.0;
				TARGETED_DEVICE_FAMILY = "1,2";
			};
			name = Release;
		};
		AEA022242153AA1A00F5941D /* Debug */ = {
			isa = XCBuildConfiguration;
			buildSettings = {
				ALWAYS_EMBED_SWIFT_STANDARD_LIBRARIES = YES;
				BUNDLE_LOADER = "$(TEST_HOST)";
				CODE_SIGN_STYLE = Automatic;
				INFOPLIST_FILE = FindMovTests/Info.plist;
				LD_RUNPATH_SEARCH_PATHS = (
					"$(inherited)",
					"@executable_path/Frameworks",
					"@loader_path/Frameworks",
				);
				PRODUCT_BUNDLE_IDENTIFIER = ratzr15.FindMovTests;
				PRODUCT_NAME = "$(TARGET_NAME)";
				SWIFT_VERSION = 4.0;
				TARGETED_DEVICE_FAMILY = "1,2";
				TEST_HOST = "$(BUILT_PRODUCTS_DIR)/FindMov.app/FindMov";
			};
			name = Debug;
		};
		AEA022252153AA1A00F5941D /* Release */ = {
			isa = XCBuildConfiguration;
			buildSettings = {
				ALWAYS_EMBED_SWIFT_STANDARD_LIBRARIES = YES;
				BUNDLE_LOADER = "$(TEST_HOST)";
				CODE_SIGN_STYLE = Automatic;
				INFOPLIST_FILE = FindMovTests/Info.plist;
				LD_RUNPATH_SEARCH_PATHS = (
					"$(inherited)",
					"@executable_path/Frameworks",
					"@loader_path/Frameworks",
				);
				PRODUCT_BUNDLE_IDENTIFIER = ratzr15.FindMovTests;
				PRODUCT_NAME = "$(TARGET_NAME)";
				SWIFT_VERSION = 4.0;
				TARGETED_DEVICE_FAMILY = "1,2";
				TEST_HOST = "$(BUILT_PRODUCTS_DIR)/FindMov.app/FindMov";
			};
			name = Release;
		};
		AEA022272153AA1A00F5941D /* Debug */ = {
			isa = XCBuildConfiguration;
			buildSettings = {
				ALWAYS_EMBED_SWIFT_STANDARD_LIBRARIES = YES;
				CODE_SIGN_STYLE = Automatic;
				INFOPLIST_FILE = FindMovUITests/Info.plist;
				LD_RUNPATH_SEARCH_PATHS = (
					"$(inherited)",
					"@executable_path/Frameworks",
					"@loader_path/Frameworks",
				);
				PRODUCT_BUNDLE_IDENTIFIER = ratzr15.FindMovUITests;
				PRODUCT_NAME = "$(TARGET_NAME)";
				SWIFT_VERSION = 4.0;
				TARGETED_DEVICE_FAMILY = "1,2";
				TEST_TARGET_NAME = FindMov;
			};
			name = Debug;
		};
		AEA022282153AA1A00F5941D /* Release */ = {
			isa = XCBuildConfiguration;
			buildSettings = {
				ALWAYS_EMBED_SWIFT_STANDARD_LIBRARIES = YES;
				CODE_SIGN_STYLE = Automatic;
				INFOPLIST_FILE = FindMovUITests/Info.plist;
				LD_RUNPATH_SEARCH_PATHS = (
					"$(inherited)",
					"@executable_path/Frameworks",
					"@loader_path/Frameworks",
				);
				PRODUCT_BUNDLE_IDENTIFIER = ratzr15.FindMovUITests;
				PRODUCT_NAME = "$(TARGET_NAME)";
				SWIFT_VERSION = 4.0;
				TARGETED_DEVICE_FAMILY = "1,2";
				TEST_TARGET_NAME = FindMov;
			};
			name = Release;
		};
/* End XCBuildConfiguration section */

/* Begin XCConfigurationList section */
		AEA021F32153AA1900F5941D /* Build configuration list for PBXProject "FindMov" */ = {
			isa = XCConfigurationList;
			buildConfigurations = (
				AEA0221E2153AA1A00F5941D /* Debug */,
				AEA0221F2153AA1A00F5941D /* Release */,
			);
			defaultConfigurationIsVisible = 0;
			defaultConfigurationName = Release;
		};
		AEA022202153AA1A00F5941D /* Build configuration list for PBXNativeTarget "FindMov" */ = {
			isa = XCConfigurationList;
			buildConfigurations = (
				AEA022212153AA1A00F5941D /* Debug */,
				AEA022222153AA1A00F5941D /* Release */,
			);
			defaultConfigurationIsVisible = 0;
			defaultConfigurationName = Release;
		};
		AEA022232153AA1A00F5941D /* Build configuration list for PBXNativeTarget "FindMovTests" */ = {
			isa = XCConfigurationList;
			buildConfigurations = (
				AEA022242153AA1A00F5941D /* Debug */,
				AEA022252153AA1A00F5941D /* Release */,
			);
			defaultConfigurationIsVisible = 0;
			defaultConfigurationName = Release;
		};
		AEA022262153AA1A00F5941D /* Build configuration list for PBXNativeTarget "FindMovUITests" */ = {
			isa = XCConfigurationList;
			buildConfigurations = (
				AEA022272153AA1A00F5941D /* Debug */,
				AEA022282153AA1A00F5941D /* Release */,
			);
			defaultConfigurationIsVisible = 0;
			defaultConfigurationName = Release;
		};
/* End XCConfigurationList section */
	};
	rootObject = AEA021F02153AA1900F5941D /* Project object */;
}
